
Microsoft Visual Studio Solution File, Format Version 12.00
# Visual Studio 15
Project("{FAE04EC0-301F-11D3-BF4B-00C04F79EFBC}") = "PhoneList", "PhoneList\PhoneList.csproj", "{001C0A56-52EE-468E-BC52-4CF666CBF204}"
EndProject
Project("{FAE04EC0-301F-11D3-BF4B-00C04F79EFBC}") = "PhoneListTests", "PhoneListTests\PhoneListTests.csproj", "{7789E09F-3076-4231-A9B2-043324566B5D}"
EndProject
Global
	GlobalSection(SolutionConfigurationPlatforms) = preSolution
		Debug|Any CPU = Debug|Any CPU
		Release|Any CPU = Release|Any CPU
	EndGlobalSection
	GlobalSection(ProjectConfigurationPlatforms) = postSolution
		{001C0A56-52EE-468E-BC52-4CF666CBF204}.Debug|Any CPU.ActiveCfg = Debug|Any CPU
		{001C0A56-52EE-468E-BC52-4CF666CBF204}.Debug|Any CPU.Build.0 = Debug|Any CPU
		{001C0A56-52EE-468E-BC52-4CF666CBF204}.Release|Any CPU.ActiveCfg = Release|Any CPU
		{001C0A56-52EE-468E-BC52-4CF666CBF204}.Release|Any CPU.Build.0 = Release|Any CPU
		{7789E09F-3076-4231-A9B2-043324566B5D}.Debug|Any CPU.ActiveCfg = Debug|Any CPU
		{7789E09F-3076-4231-A9B2-043324566B5D}.Debug|Any CPU.Build.0 = Debug|Any CPU
		{7789E09F-3076-4231-A9B2-043324566B5D}.Release|Any CPU.ActiveCfg = Release|Any CPU
		{7789E09F-3076-4231-A9B2-043324566B5D}.Release|Any CPU.Build.0 = Release|Any CPU
	EndGlobalSection
EndGlobal
